
Microsoft Visual Studio Solution File, Format Version 12.00
# Visual Studio Version 16
VisualStudioVersion = 16.0.29613.14
MinimumVisualStudioVersion = 10.0.40219.1
Project("{FAE04EC0-301F-11D3-BF4B-00C04F79EFBC}") = "2020-01-25_cw", "2020-01-25_cw\2020-01-25_cw.csproj", "{243A137E-B6D0-452C-83DF-A05EBC327003}"
EndProject
Project("{FAE04EC0-301F-11D3-BF4B-00C04F79EFBC}") = "Style_1", "Style_1\Style_1.csproj", "{DB29D150-ED1D-4A9E-9B1E-5896038135C7}"
EndProject
Project("{FAE04EC0-301F-11D3-BF4B-00C04F79EFBC}") = "Style_2", "Style_2\Style_2.csproj", "{6576C800-44FF-4A90-897B-54C7ACCABDE8}"
EndProject
Project("{FAE04EC0-301F-11D3-BF4B-00C04F79EFBC}") = "Style_3", "Style_3\Style_3.csproj", "{820EFBF8-C43C-4FB7-9F24-54EADD0468F8}"
EndProject
Project("{FAE04EC0-301F-11D3-BF4B-00C04F79EFBC}") = "Style_4", "Style_4\Style_4.csproj", "{D97CCAEE-5EA6-4911-B9B8-651A52AF4BF0}"
EndProject
Project("{FAE04EC0-301F-11D3-BF4B-00C04F79EFBC}") = "Style_5", "Style_5\Style_5.csproj", "{E7242651-F98C-4067-96D7-BC757DE9E612}"
EndProject
Project("{FAE04EC0-301F-11D3-BF4B-00C04F79EFBC}") = "Style_6", "Style_6\Style_6.csproj", "{C4D7A636-B44C-4093-B24E-CFD83CFD43EF}"
EndProject
Global
	GlobalSection(SolutionConfigurationPlatforms) = preSolution
		Debug|Any CPU = Debug|Any CPU
		Release|Any CPU = Release|Any CPU
	EndGlobalSection
	GlobalSection(ProjectConfigurationPlatforms) = postSolution
		{243A137E-B6D0-452C-83DF-A05EBC327003}.Debug|Any CPU.ActiveCfg = Debug|Any CPU
		{243A137E-B6D0-452C-83DF-A05EBC327003}.Debug|Any CPU.Build.0 = Debug|Any CPU
		{243A137E-B6D0-452C-83DF-A05EBC327003}.Release|Any CPU.ActiveCfg = Release|Any CPU
		{243A137E-B6D0-452C-83DF-A05EBC327003}.Release|Any CPU.Build.0 = Release|Any CPU
		{DB29D150-ED1D-4A9E-9B1E-5896038135C7}.Debug|Any CPU.ActiveCfg = Debug|Any CPU
		{DB29D150-ED1D-4A9E-9B1E-5896038135C7}.Debug|Any CPU.Build.0 = Debug|Any CPU
		{DB29D150-ED1D-4A9E-9B1E-5896038135C7}.Release|Any CPU.ActiveCfg = Release|Any CPU
		{DB29D150-ED1D-4A9E-9B1E-5896038135C7}.Release|Any CPU.Build.0 = Release|Any CPU
		{6576C800-44FF-4A90-897B-54C7ACCABDE8}.Debug|Any CPU.ActiveCfg = Debug|Any CPU
		{6576C800-44FF-4A90-897B-54C7ACCABDE8}.Debug|Any CPU.Build.0 = Debug|Any CPU
		{6576C800-44FF-4A90-897B-54C7ACCABDE8}.Release|Any CPU.ActiveCfg = Release|Any CPU
		{6576C800-44FF-4A90-897B-54C7ACCABDE8}.Release|Any CPU.Build.0 = Release|Any CPU
		{820EFBF8-C43C-4FB7-9F24-54EADD0468F8}.Debug|Any CPU.ActiveCfg = Debug|Any CPU
		{820EFBF8-C43C-4FB7-9F24-54EADD0468F8}.Debug|Any CPU.Build.0 = Debug|Any CPU
		{820EFBF8-C43C-4FB7-9F24-54EADD0468F8}.Release|Any CPU.ActiveCfg = Release|Any CPU
		{820EFBF8-C43C-4FB7-9F24-54EADD0468F8}.Release|Any CPU.Build.0 = Release|Any CPU
		{D97CCAEE-5EA6-4911-B9B8-651A52AF4BF0}.Debug|Any CPU.ActiveCfg = Debug|Any CPU
		{D97CCAEE-5EA6-4911-B9B8-651A52AF4BF0}.Debug|Any CPU.Build.0 = Debug|Any CPU
		{D97CCAEE-5EA6-4911-B9B8-651A52AF4BF0}.Release|Any CPU.ActiveCfg = Release|Any CPU
		{D97CCAEE-5EA6-4911-B9B8-651A52AF4BF0}.Release|Any CPU.Build.0 = Release|Any CPU
		{E7242651-F98C-4067-96D7-BC757DE9E612}.Debug|Any CPU.ActiveCfg = Debug|Any CPU
		{E7242651-F98C-4067-96D7-BC757DE9E612}.Debug|Any CPU.Build.0 = Debug|Any CPU
		{E7242651-F98C-4067-96D7-BC757DE9E612}.Release|Any CPU.ActiveCfg = Release|Any CPU
		{E7242651-F98C-4067-96D7-BC757DE9E612}.Release|Any CPU.Build.0 = Release|Any CPU
		{C4D7A636-B44C-4093-B24E-CFD83CFD43EF}.Debug|Any CPU.ActiveCfg = Debug|Any CPU
		{C4D7A636-B44C-4093-B24E-CFD83CFD43EF}.Debug|Any CPU.Build.0 = Debug|Any CPU
		{C4D7A636-B44C-4093-B24E-CFD83CFD43EF}.Release|Any CPU.ActiveCfg = Release|Any CPU
		{C4D7A636-B44C-4093-B24E-CFD83CFD43EF}.Release|Any CPU.Build.0 = Release|Any CPU
	EndGlobalSection
	GlobalSection(SolutionProperties) = preSolution
		HideSolutionNode = FALSE
	EndGlobalSection
	GlobalSection(ExtensibilityGlobals) = postSolution
		SolutionGuid = {CC844657-3E9D-4142-9F9F-2286C38002AC}
	EndGlobalSection
EndGlobal
