
Microsoft Visual Studio Solution File, Format Version 12.00
# Visual Studio Version 16
VisualStudioVersion = 16.0.29409.12
MinimumVisualStudioVersion = 10.0.40219.1
Project("{FAE04EC0-301F-11D3-BF4B-00C04F79EFBC}") = "Practice_2", "Practice_2\Practice_2.csproj", "{35982F46-0A41-44B4-9384-C576D4DD29CE}"
EndProject
Project("{9A19103F-16F7-4668-BE54-9A1E7A4F7556}") = "2020-02-13_cw", "2020-02-13_cw\2020-02-13_cw.csproj", "{0067D71B-1448-4E72-B7B6-118D70A49AFA}"
EndProject
Global
	GlobalSection(SolutionConfigurationPlatforms) = preSolution
		Debug|Any CPU = Debug|Any CPU
		Release|Any CPU = Release|Any CPU
	EndGlobalSection
	GlobalSection(ProjectConfigurationPlatforms) = postSolution
		{35982F46-0A41-44B4-9384-C576D4DD29CE}.Debug|Any CPU.ActiveCfg = Debug|Any CPU
		{35982F46-0A41-44B4-9384-C576D4DD29CE}.Debug|Any CPU.Build.0 = Debug|Any CPU
		{35982F46-0A41-44B4-9384-C576D4DD29CE}.Release|Any CPU.ActiveCfg = Release|Any CPU
		{35982F46-0A41-44B4-9384-C576D4DD29CE}.Release|Any CPU.Build.0 = Release|Any CPU
		{0067D71B-1448-4E72-B7B6-118D70A49AFA}.Debug|Any CPU.ActiveCfg = Debug|Any CPU
		{0067D71B-1448-4E72-B7B6-118D70A49AFA}.Debug|Any CPU.Build.0 = Debug|Any CPU
		{0067D71B-1448-4E72-B7B6-118D70A49AFA}.Release|Any CPU.ActiveCfg = Release|Any CPU
		{0067D71B-1448-4E72-B7B6-118D70A49AFA}.Release|Any CPU.Build.0 = Release|Any CPU
	EndGlobalSection
	GlobalSection(SolutionProperties) = preSolution
		HideSolutionNode = FALSE
	EndGlobalSection
	GlobalSection(ExtensibilityGlobals) = postSolution
		SolutionGuid = {D3AD90DC-1612-422B-8ED1-F96E204356B4}
	EndGlobalSection
EndGlobal
